<?xml version="1.0" encoding="utf-8"?>
<Project ToolsVersion="4.0" xmlns="http://schemas.microsoft.com/developer/msbuild/2003">
  <ItemGroup>
    <Filter Include="Pliki źródłowe">
      <UniqueIdentifier>{4FC737F1-C7A5-4376-A066-2A32D752A2FF}</UniqueIdentifier>
      <Extensions>cpp;c;cc;cxx;c++;cppm;ixx;def;odl;idl;hpj;bat;asm;asmx</Extensions>
    </Filter>
    <Filter Include="Pliki nagłówkowe">
      <UniqueIdentifier>{93995380-89BD-4b04-88EB-625FBE52EBFB}</UniqueIdentifier>
      <Extensions>h;hh;hpp;hxx;h++;hm;inl;inc;ipp;xsd</Extensions>
    </Filter>
    <Filter Include="Pliki zasobów">
      <UniqueIdentifier>{67DA6AB6-F800-4c08-8B7A-83BB121AAD01}</UniqueIdentifier>
      <Extensions>rc;ico;cur;bmp;dlg;rc2;rct;bin;rgs;gif;jpg;jpeg;jpe;resx;tiff;tif;png;wav;mfcribbon-ms</Extensions>
    </Filter>
  </ItemGroup>
  <ItemGroup>
    <ClCompile Include="main.cpp">
      <Filter>Pliki źródłowe</Filter>
    </ClCompile>
    <ClCompile Include="dependencies\glad\src\glad.c">
      <Filter>Pliki źródłowe</Filter>
    </ClCompile>
    <ClCompile Include="labirynthparser.cpp">
      <Filter>Pliki źródłowe</Filter>
    </ClCompile>
  </ItemGroup>
  <ItemGroup>
    <ClInclude Include="dependencies\GLFW\include\GLFW\glfw3.h">
      <Filter>Pliki nagłówkowe</Filter>
    </ClInclude>
    <ClInclude Include="dependencies\GLFW\include\GLFW\glfw3native.h">
      <Filter>Pliki nagłówkowe</Filter>
    </ClInclude>
    <ClInclude Include="dependencies\glad\include\glad\glad.h">
      <Filter>Pliki nagłówkowe</Filter>
    </ClInclude>
    <ClInclude Include="dependencies\glad\include\KHR\khrplatform.h">
      <Filter>Pliki nagłówkowe</Filter>
    </ClInclude>
    <ClInclude Include="dependencies\freeglut\include\GL\freeglut.h">
      <Filter>Pliki nagłówkowe</Filter>
    </ClInclude>
    <ClInclude Include="dependencies\freeglut\include\GL\freeglut_ext.h">
      <Filter>Pliki nagłówkowe</Filter>
    </ClInclude>
    <ClInclude Include="dependencies\freeglut\include\GL\freeglut_std.h">
      <Filter>Pliki nagłówkowe</Filter>
    </ClInclude>
    <ClInclude Include="dependencies\freeglut\include\GL\glut.h">
      <Filter>Pliki nagłówkowe</Filter>
    </ClInclude>
    <ClInclude Include="dependencies\json\json\json.h">
      <Filter>Pliki nagłówkowe</Filter>
    </ClInclude>
    <ClInclude Include="labirynthparser.h">
      <Filter>Pliki nagłówkowe</Filter>
    </ClInclude>
  </ItemGroup>
  <ItemGroup>
    <None Include="dependencies\freeglut\bin\x64\freeglut.dll" />
    <None Include="dependencies\freeglut\bin\Win32\freeglut.dll" />
    <None Include="textures\Bricks_01.ppm" />
    <None Include="README.md" />
    <None Include=".gitignore" />
    <None Include="textures\Planks_01.ppm" />
    <None Include="textures\Skybox_01.ppm" />
    <None Include="splasharts\Splashart_test.ppm" />
    <None Include="textures\Amogus_01.ppm" />
    <None Include="textures\All_Textures.ppm" />
    <None Include="textures\Textures.ppm" />
    <None Include="textures\podloga.ppm" />
    <None Include="textures\Floor.ppm" />
    <None Include="textures\Walls.ppm" />
    <None Include="textures\Sprites.ppm" />
    <None Include="textures\Crossbow.ppm" />
    <None Include="textures\Chaser.ppm" />
    <None Include="levels\levels.json" />
    <None Include="splasharts\Cover.ppm" />
    <None Include="splasharts\Splashart_menu_levels.ppm" />
    <None Include="splasharts\Splashart_menu_title.ppm" />
    <None Include="splasharts\Splashart_lose.ppm" />
    <None Include="splasharts\Splashart_win.ppm" />
    <None Include="freeglut.dll" />
    <None Include="textures\Shotgun.ppm" />
  </ItemGroup>
  <ItemGroup>
    <Library Include="dependencies\GLFW\lib\glfw3.lib" />
    <Library Include="dependencies\GLFW\lib\glfw3_mt.lib" />
    <Library Include="dependencies\freeglut\lib\Win32\freeglut.lib" />
    <Library Include="dependencies\freeglut\lib\x64\freeglut.lib" />
    <Library Include="dependencies\freeglut\include\GL\freeglut.lib" />
  </ItemGroup>
  <ItemGroup>
    <Media Include="audio\DUN_DUN_DUN.wav">
      <Filter>Pliki zasobów</Filter>
    </Media>
    <Media Include="audio\shoot.wav">
      <Filter>Pliki zasobów</Filter>
    </Media>
    <Media Include="audio\coin.wav">
      <Filter>Pliki zasobów</Filter>
    </Media>
    <Media Include="audio\lever.wav">
      <Filter>Pliki zasobów</Filter>
    </Media>
    <Media Include="audio\loss.wav">
      <Filter>Pliki zasobów</Filter>
    </Media>
    <Media Include="audio\wood_break.wav">
      <Filter>Pliki zasobów</Filter>
    </Media>
  </ItemGroup>
</Project>